
Microsoft Visual Studio Solution File, Format Version 12.00
# Visual Studio Version 17
VisualStudioVersion = 17.7.34031.279
MinimumVisualStudioVersion = 10.0.40219.1
Project("{2150E333-8FDC-42A3-9474-1A3956D46DE8}") = "Src", "Src", "{AD087403-D161-4B84-B9C2-7CBC10811311}"
EndProject
Project("{2150E333-8FDC-42A3-9474-1A3956D46DE8}") = "Solution items", "Solution items", "{969CAEBA-F146-4428-A9D0-173270F3AF57}"
	ProjectSection(SolutionItems) = preProject
		.gitignore = .gitignore
	EndProjectSection
EndProject
Project("{2150E333-8FDC-42A3-9474-1A3956D46DE8}") = "Tests", "Tests", "{5EAD1226-E160-46D6-AA72-ECE652CC03CF}"
EndProject
Project("{9A19103F-16F7-4668-BE54-9A1E7A4F7556}") = "POKA.Utils", "src\poka.utils\src\POKA.Utils\POKA.Utils.csproj", "{DE0C5FCE-8FCA-48C3-A51D-E3703FC23CA7}"
EndProject
Project("{9A19103F-16F7-4668-BE54-9A1E7A4F7556}") = "POKA.Utils.Infrastructure", "src\poka.utils\src\POKA.Utils.Infrastructure\POKA.Utils.Infrastructure.csproj", "{25B279CA-D855-4874-9CB7-81AC6F3269CF}"
EndProject
Project("{9A19103F-16F7-4668-BE54-9A1E7A4F7556}") = "POKA.Utils.Infrastructure.MongoDb", "src\poka.utils\src\POKA.Utils.Infrastructure.MongoDb\POKA.Utils.Infrastructure.MongoDb.csproj", "{ACDCF00A-177B-44E9-B7BA-74F6AF117A1D}"
EndProject
Project("{9A19103F-16F7-4668-BE54-9A1E7A4F7556}") = "POKA.Utils.Infrastructure.SqlServer", "src\poka.utils\src\POKA.Utils.Infrastructure.SqlServer\POKA.Utils.Infrastructure.SqlServer.csproj", "{87A7D594-2FFC-4062-8356-C7134DCDFD91}"
EndProject
Project("{9A19103F-16F7-4668-BE54-9A1E7A4F7556}") = "POKA.Utils.Infrastructure.MongoDb.Tests", "src\poka.utils\tests\POKA.Utils.Infrastructure.MongoDb.Tests\POKA.Utils.Infrastructure.MongoDb.Tests.csproj", "{A127E010-4E91-45E1-A73B-ABB676D0E874}"
EndProject
Project("{2150E333-8FDC-42A3-9474-1A3956D46DE8}") = "Utils", "Utils", "{C98A684F-2A7F-440F-8B1A-D7AC81EAD405}"
EndProject
Project("{2150E333-8FDC-42A3-9474-1A3956D46DE8}") = "Src", "Src", "{B18C200B-DC20-4871-A54F-34695251948D}"
EndProject
Project("{2150E333-8FDC-42A3-9474-1A3956D46DE8}") = "Tests", "Tests", "{87550CB9-68E8-4665-A7AE-E8A6CE6E7FE1}"
EndProject
Project("{2150E333-8FDC-42A3-9474-1A3956D46DE8}") = "WindowService", "WindowService", "{B254DD4C-FE6A-4DFD-841C-E268C2D88AE3}"
EndProject
Project("{2150E333-8FDC-42A3-9474-1A3956D46DE8}") = "Src", "Src", "{6E927A4C-3607-412C-B1C7-309C8DE729A3}"
EndProject
Project("{FAE04EC0-301F-11D3-BF4B-00C04F79EFBC}") = "POKA.POC.WindowsService.WindowsService", "src\windowService\src\POKA.POC.WindowsService.WindowsService\POKA.POC.WindowsService.WindowsService.csproj", "{23CAC8B6-1E7D-43CE-932E-F6E999B9C09E}"
EndProject
Project("{2150E333-8FDC-42A3-9474-1A3956D46DE8}") = "Tests", "Tests", "{683F3C8C-BB25-47FE-BAD2-82AC7D2F2A3A}"
EndProject
Project("{FAE04EC0-301F-11D3-BF4B-00C04F79EFBC}") = "POKA.POC.WindowsService.WindowsService.Test", "src\windowService\tests\POKA.POC.WindowsService.WindowsService.Test\POKA.POC.WindowsService.WindowsService.Test.csproj", "{3EC287C3-1B3D-472B-94AA-1C01AC730B9C}"
EndProject
Global
	GlobalSection(SolutionConfigurationPlatforms) = preSolution
		Debug|Any CPU = Debug|Any CPU
		Release|Any CPU = Release|Any CPU
	EndGlobalSection
	GlobalSection(ProjectConfigurationPlatforms) = postSolution
		{DE0C5FCE-8FCA-48C3-A51D-E3703FC23CA7}.Debug|Any CPU.ActiveCfg = Debug|Any CPU
		{DE0C5FCE-8FCA-48C3-A51D-E3703FC23CA7}.Debug|Any CPU.Build.0 = Debug|Any CPU
		{DE0C5FCE-8FCA-48C3-A51D-E3703FC23CA7}.Release|Any CPU.ActiveCfg = Release|Any CPU
		{DE0C5FCE-8FCA-48C3-A51D-E3703FC23CA7}.Release|Any CPU.Build.0 = Release|Any CPU
		{25B279CA-D855-4874-9CB7-81AC6F3269CF}.Debug|Any CPU.ActiveCfg = Debug|Any CPU
		{25B279CA-D855-4874-9CB7-81AC6F3269CF}.Debug|Any CPU.Build.0 = Debug|Any CPU
		{25B279CA-D855-4874-9CB7-81AC6F3269CF}.Release|Any CPU.ActiveCfg = Release|Any CPU
		{25B279CA-D855-4874-9CB7-81AC6F3269CF}.Release|Any CPU.Build.0 = Release|Any CPU
		{ACDCF00A-177B-44E9-B7BA-74F6AF117A1D}.Debug|Any CPU.ActiveCfg = Debug|Any CPU
		{ACDCF00A-177B-44E9-B7BA-74F6AF117A1D}.Debug|Any CPU.Build.0 = Debug|Any CPU
		{ACDCF00A-177B-44E9-B7BA-74F6AF117A1D}.Release|Any CPU.ActiveCfg = Release|Any CPU
		{ACDCF00A-177B-44E9-B7BA-74F6AF117A1D}.Release|Any CPU.Build.0 = Release|Any CPU
		{87A7D594-2FFC-4062-8356-C7134DCDFD91}.Debug|Any CPU.ActiveCfg = Debug|Any CPU
		{87A7D594-2FFC-4062-8356-C7134DCDFD91}.Debug|Any CPU.Build.0 = Debug|Any CPU
		{87A7D594-2FFC-4062-8356-C7134DCDFD91}.Release|Any CPU.ActiveCfg = Release|Any CPU
		{87A7D594-2FFC-4062-8356-C7134DCDFD91}.Release|Any CPU.Build.0 = Release|Any CPU
		{A127E010-4E91-45E1-A73B-ABB676D0E874}.Debug|Any CPU.ActiveCfg = Debug|Any CPU
		{A127E010-4E91-45E1-A73B-ABB676D0E874}.Debug|Any CPU.Build.0 = Debug|Any CPU
		{A127E010-4E91-45E1-A73B-ABB676D0E874}.Release|Any CPU.ActiveCfg = Release|Any CPU
		{A127E010-4E91-45E1-A73B-ABB676D0E874}.Release|Any CPU.Build.0 = Release|Any CPU
		{23CAC8B6-1E7D-43CE-932E-F6E999B9C09E}.Debug|Any CPU.ActiveCfg = Debug|Any CPU
		{23CAC8B6-1E7D-43CE-932E-F6E999B9C09E}.Debug|Any CPU.Build.0 = Debug|Any CPU
		{23CAC8B6-1E7D-43CE-932E-F6E999B9C09E}.Release|Any CPU.ActiveCfg = Release|Any CPU
		{23CAC8B6-1E7D-43CE-932E-F6E999B9C09E}.Release|Any CPU.Build.0 = Release|Any CPU
		{3EC287C3-1B3D-472B-94AA-1C01AC730B9C}.Debug|Any CPU.ActiveCfg = Debug|Any CPU
		{3EC287C3-1B3D-472B-94AA-1C01AC730B9C}.Debug|Any CPU.Build.0 = Debug|Any CPU
		{3EC287C3-1B3D-472B-94AA-1C01AC730B9C}.Release|Any CPU.ActiveCfg = Release|Any CPU
		{3EC287C3-1B3D-472B-94AA-1C01AC730B9C}.Release|Any CPU.Build.0 = Release|Any CPU
	EndGlobalSection
	GlobalSection(SolutionProperties) = preSolution
		HideSolutionNode = FALSE
	EndGlobalSection
	GlobalSection(NestedProjects) = preSolution
		{DE0C5FCE-8FCA-48C3-A51D-E3703FC23CA7} = {B18C200B-DC20-4871-A54F-34695251948D}
		{25B279CA-D855-4874-9CB7-81AC6F3269CF} = {B18C200B-DC20-4871-A54F-34695251948D}
		{ACDCF00A-177B-44E9-B7BA-74F6AF117A1D} = {B18C200B-DC20-4871-A54F-34695251948D}
		{87A7D594-2FFC-4062-8356-C7134DCDFD91} = {B18C200B-DC20-4871-A54F-34695251948D}
		{A127E010-4E91-45E1-A73B-ABB676D0E874} = {87550CB9-68E8-4665-A7AE-E8A6CE6E7FE1}
		{C98A684F-2A7F-440F-8B1A-D7AC81EAD405} = {AD087403-D161-4B84-B9C2-7CBC10811311}
		{B18C200B-DC20-4871-A54F-34695251948D} = {C98A684F-2A7F-440F-8B1A-D7AC81EAD405}
		{87550CB9-68E8-4665-A7AE-E8A6CE6E7FE1} = {C98A684F-2A7F-440F-8B1A-D7AC81EAD405}
		{B254DD4C-FE6A-4DFD-841C-E268C2D88AE3} = {AD087403-D161-4B84-B9C2-7CBC10811311}
		{6E927A4C-3607-412C-B1C7-309C8DE729A3} = {B254DD4C-FE6A-4DFD-841C-E268C2D88AE3}
		{23CAC8B6-1E7D-43CE-932E-F6E999B9C09E} = {6E927A4C-3607-412C-B1C7-309C8DE729A3}
		{683F3C8C-BB25-47FE-BAD2-82AC7D2F2A3A} = {B254DD4C-FE6A-4DFD-841C-E268C2D88AE3}
		{3EC287C3-1B3D-472B-94AA-1C01AC730B9C} = {683F3C8C-BB25-47FE-BAD2-82AC7D2F2A3A}
	EndGlobalSection
	GlobalSection(ExtensibilityGlobals) = postSolution
		SolutionGuid = {92AA35AF-04B0-4694-B237-726ED90BE402}
	EndGlobalSection
EndGlobal
